// !$*UTF8*$!
{
	archiveVersion = 1;
	classes = {
	};
	objectVersion = 48;
	objects = {

/* Begin PBXBuildFile section */
		BD041C031FAA3B080045CD1B /* GameScene.swift in Sources */ = {isa = PBXBuildFile; fileRef = BD041C021FAA3B080045CD1B /* GameScene.swift */; };
		BD041C091FAAB1920045CD1B /* grass.png in Resources */ = {isa = PBXBuildFile; fileRef = BD041C081FAAB1920045CD1B /* grass.png */; };
		BD12E1221FA255AB00EC67C6 /* Texturable.swift in Sources */ = {isa = PBXBuildFile; fileRef = BD12E1211FA255AB00EC67C6 /* Texturable.swift */; };
		BD12E1261FA2CBC500EC67C6 /* bright.png in Resources */ = {isa = PBXBuildFile; fileRef = BD12E1251FA2CBC500EC67C6 /* bright.png */; };
		BD12E1281FA2CC6F00EC67C6 /* TexturableFlashPipelineState.swift in Sources */ = {isa = PBXBuildFile; fileRef = BD12E1271FA2CC6F00EC67C6 /* TexturableFlashPipelineState.swift */; };
		BD5D34691FA7EF0100F5CC24 /* f16.obj in Resources */ = {isa = PBXBuildFile; fileRef = BD5D34681FA7EF0100F5CC24 /* f16.obj */; };
		BD5D346B1FA7EF3A00F5CC24 /* F16s.bmp in Resources */ = {isa = PBXBuildFile; fileRef = BD5D346A1FA7EF3A00F5CC24 /* F16s.bmp */; };
		BD5D34711FA8E13000F5CC24 /* ModelInstances.swift in Sources */ = {isa = PBXBuildFile; fileRef = BD5D34701FA8E13000F5CC24 /* ModelInstances.swift */; };
		BD5D34731FA8E13C00F5CC24 /* PrimitiveInstances.swift in Sources */ = {isa = PBXBuildFile; fileRef = BD5D34721FA8E13C00F5CC24 /* PrimitiveInstances.swift */; };
		BDB027691FA54F6D0064A544 /* Terrain.swift in Sources */ = {isa = PBXBuildFile; fileRef = BDB027681FA54F6D0064A544 /* Terrain.swift */; };
		BDB0276B1FA550F70064A544 /* InputHandler.swift in Sources */ = {isa = PBXBuildFile; fileRef = BDB0276A1FA550F70064A544 /* InputHandler.swift */; };
		BDB6FC881F92A15B00A15655 /* AppDelegate.swift in Sources */ = {isa = PBXBuildFile; fileRef = BDB6FC871F92A15B00A15655 /* AppDelegate.swift */; };
		BDB6FC8D1F92A15B00A15655 /* Twohys_Game_Engine.xcdatamodeld in Sources */ = {isa = PBXBuildFile; fileRef = BDB6FC8B1F92A15B00A15655 /* Twohys_Game_Engine.xcdatamodeld */; };
		BDB6FC8F1F92A15B00A15655 /* Assets.xcassets in Resources */ = {isa = PBXBuildFile; fileRef = BDB6FC8E1F92A15B00A15655 /* Assets.xcassets */; };
		BDB6FC921F92A15B00A15655 /* Main.storyboard in Resources */ = {isa = PBXBuildFile; fileRef = BDB6FC901F92A15B00A15655 /* Main.storyboard */; };
		BDB6FC9E1F92A15B00A15655 /* Twohys_Game_EngineTests.swift in Sources */ = {isa = PBXBuildFile; fileRef = BDB6FC9D1F92A15B00A15655 /* Twohys_Game_EngineTests.swift */; };
		BDB6FCA91F92A15B00A15655 /* Twohys_Game_EngineUITests.swift in Sources */ = {isa = PBXBuildFile; fileRef = BDB6FCA81F92A15B00A15655 /* Twohys_Game_EngineUITests.swift */; };
		BDB6FCB81F92A2CE00A15655 /* MainView.swift in Sources */ = {isa = PBXBuildFile; fileRef = BDB6FCB71F92A2CE00A15655 /* MainView.swift */; };
		BDB6FCBB1F92A36500A15655 /* Renderer.swift in Sources */ = {isa = PBXBuildFile; fileRef = BDB6FCBA1F92A36500A15655 /* Renderer.swift */; };
		BDB6FCBE1F92A81000A15655 /* BasicShaders.metal in Sources */ = {isa = PBXBuildFile; fileRef = BDB6FCBD1F92A81000A15655 /* BasicShaders.metal */; };
		BDB6FCC11F92AC9B00A15655 /* Types.swift in Sources */ = {isa = PBXBuildFile; fileRef = BDB6FCC01F92AC9B00A15655 /* Types.swift */; };
		BDB792E51FA79B9900A8367F /* Model.swift in Sources */ = {isa = PBXBuildFile; fileRef = BDB792E41FA79B9900A8367F /* Model.swift */; };
		BDB792EA1FA7DB8C00A8367F /* armadillo.obj in Resources */ = {isa = PBXBuildFile; fileRef = BDB792E91FA7DB8C00A8367F /* armadillo.obj */; };
		BDB792ED1FA7E1CA00A8367F /* Armadillo.swift in Sources */ = {isa = PBXBuildFile; fileRef = BDB792EC1FA7E1CA00A8367F /* Armadillo.swift */; };
		BDB9BB451F9EAC90009385F8 /* Maths.swift in Sources */ = {isa = PBXBuildFile; fileRef = BDB9BB441F9EAC90009385F8 /* Maths.swift */; };
		BDCB36381FA1914500716697 /* PlaygroundScene1.swift in Sources */ = {isa = PBXBuildFile; fileRef = BDCB36371FA1914500716697 /* PlaygroundScene1.swift */; };
		BDCB363A1FA1926F00716697 /* Cube.swift in Sources */ = {isa = PBXBuildFile; fileRef = BDCB36391FA1926F00716697 /* Cube.swift */; };
		BDCB36401FA2516200716697 /* Quad.swift in Sources */ = {isa = PBXBuildFile; fileRef = BDCB363F1FA2516200716697 /* Quad.swift */; };
		BDE3FB461FA6C3BB00BBFF7E /* PerlinGenerator.swift in Sources */ = {isa = PBXBuildFile; fileRef = BDE3FB451FA6C3BB00BBFF7E /* PerlinGenerator.swift */; };
		BDE460DD1FA02C8D00F126CB /* Camera.swift in Sources */ = {isa = PBXBuildFile; fileRef = BDE460DC1FA02C8D00F126CB /* Camera.swift */; };
		BDF087BE1F9EDE3400F68ACD /* FlashPipelineStateProvider.swift in Sources */ = {isa = PBXBuildFile; fileRef = BDF087BD1F9EDE3400F68ACD /* FlashPipelineStateProvider.swift */; };
		BDF087C01F9EDF5D00F68ACD /* FlashPipelineState.swift in Sources */ = {isa = PBXBuildFile; fileRef = BDF087BF1F9EDF5D00F68ACD /* FlashPipelineState.swift */; };
		BDF087C21F9EE1FC00F68ACD /* RenderableFlashPipelineState.swift in Sources */ = {isa = PBXBuildFile; fileRef = BDF087C11F9EE1FC00F68ACD /* RenderableFlashPipelineState.swift */; };
		BDF087C51F9EEA4D00F68ACD /* Node.swift in Sources */ = {isa = PBXBuildFile; fileRef = BDF087C41F9EEA4D00F68ACD /* Node.swift */; };
		BDF087C71F9EEAD700F68ACD /* Renderable.swift in Sources */ = {isa = PBXBuildFile; fileRef = BDF087C61F9EEAD700F68ACD /* Renderable.swift */; };
		BDF087C91F9EEB9300F68ACD /* Primitive.swift in Sources */ = {isa = PBXBuildFile; fileRef = BDF087C81F9EEB9300F68ACD /* Primitive.swift */; };
		BDF087CB1F9EECAB00F68ACD /* Circle.swift in Sources */ = {isa = PBXBuildFile; fileRef = BDF087CA1F9EECAB00F68ACD /* Circle.swift */; };
		BDF087CD1F9EEDE700F68ACD /* Scene.swift in Sources */ = {isa = PBXBuildFile; fileRef = BDF087CC1F9EEDE700F68ACD /* Scene.swift */; };
		BDFB85671FA035D4004820BC /* InstancesFlashPipelineState.swift in Sources */ = {isa = PBXBuildFile; fileRef = BDFB85661FA035D4004820BC /* InstancesFlashPipelineState.swift */; };
		BDFB856B1FA16B15004820BC /* CircleScene.swift in Sources */ = {isa = PBXBuildFile; fileRef = BDFB856A1FA16B15004820BC /* CircleScene.swift */; };
/* End PBXBuildFile section */

/* Begin PBXContainerItemProxy section */
		BDB6FC9A1F92A15B00A15655 /* PBXContainerItemProxy */ = {
			isa = PBXContainerItemProxy;
			containerPortal = BDB6FC7C1F92A15B00A15655 /* Project object */;
			proxyType = 1;
			remoteGlobalIDString = BDB6FC831F92A15B00A15655;
			remoteInfo = "Twohys Game Engine";
		};
		BDB6FCA51F92A15B00A15655 /* PBXContainerItemProxy */ = {
			isa = PBXContainerItemProxy;
			containerPortal = BDB6FC7C1F92A15B00A15655 /* Project object */;
			proxyType = 1;
			remoteGlobalIDString = BDB6FC831F92A15B00A15655;
			remoteInfo = "Twohys Game Engine";
		};
/* End PBXContainerItemProxy section */

/* Begin PBXFileReference section */
		BD041C021FAA3B080045CD1B /* GameScene.swift */ = {isa = PBXFileReference; lastKnownFileType = sourcecode.swift; path = GameScene.swift; sourceTree = "<group>"; };
		BD041C081FAAB1920045CD1B /* grass.png */ = {isa = PBXFileReference; lastKnownFileType = image.png; name = grass.png; path = ../../../../../../Desktop/grass.png; sourceTree = "<group>"; };
		BD12E1211FA255AB00EC67C6 /* Texturable.swift */ = {isa = PBXFileReference; lastKnownFileType = sourcecode.swift; path = Texturable.swift; sourceTree = "<group>"; };
		BD12E1251FA2CBC500EC67C6 /* bright.png */ = {isa = PBXFileReference; lastKnownFileType = image.png; name = bright.png; path = ../../../../../../Desktop/bright.png; sourceTree = "<group>"; };
		BD12E1271FA2CC6F00EC67C6 /* TexturableFlashPipelineState.swift */ = {isa = PBXFileReference; lastKnownFileType = sourcecode.swift; path = TexturableFlashPipelineState.swift; sourceTree = "<group>"; };
		BD5D34681FA7EF0100F5CC24 /* f16.obj */ = {isa = PBXFileReference; fileEncoding = 4; lastKnownFileType = text; name = f16.obj; path = "../../../../../../Desktop/f16 2/f16.obj"; sourceTree = "<group>"; };
		BD5D346A1FA7EF3A00F5CC24 /* F16s.bmp */ = {isa = PBXFileReference; lastKnownFileType = image.bmp; name = F16s.bmp; path = "../../../../../../Desktop/f16 2/F16s.bmp"; sourceTree = "<group>"; };
		BD5D34701FA8E13000F5CC24 /* ModelInstances.swift */ = {isa = PBXFileReference; lastKnownFileType = sourcecode.swift; path = ModelInstances.swift; sourceTree = "<group>"; };
		BD5D34721FA8E13C00F5CC24 /* PrimitiveInstances.swift */ = {isa = PBXFileReference; lastKnownFileType = sourcecode.swift; path = PrimitiveInstances.swift; sourceTree = "<group>"; };
		BDB027681FA54F6D0064A544 /* Terrain.swift */ = {isa = PBXFileReference; lastKnownFileType = sourcecode.swift; path = Terrain.swift; sourceTree = "<group>"; };
		BDB0276A1FA550F70064A544 /* InputHandler.swift */ = {isa = PBXFileReference; lastKnownFileType = sourcecode.swift; path = InputHandler.swift; sourceTree = "<group>"; };
		BDB6FC841F92A15B00A15655 /* Twohys Game Engine.app */ = {isa = PBXFileReference; explicitFileType = wrapper.application; includeInIndex = 0; path = "Twohys Game Engine.app"; sourceTree = BUILT_PRODUCTS_DIR; };
		BDB6FC871F92A15B00A15655 /* AppDelegate.swift */ = {isa = PBXFileReference; lastKnownFileType = sourcecode.swift; path = AppDelegate.swift; sourceTree = "<group>"; };
		BDB6FC8C1F92A15B00A15655 /* Twohys_Game_Engine.xcdatamodel */ = {isa = PBXFileReference; lastKnownFileType = wrapper.xcdatamodel; path = Twohys_Game_Engine.xcdatamodel; sourceTree = "<group>"; };
		BDB6FC8E1F92A15B00A15655 /* Assets.xcassets */ = {isa = PBXFileReference; lastKnownFileType = folder.assetcatalog; path = Assets.xcassets; sourceTree = "<group>"; };
		BDB6FC911F92A15B00A15655 /* Base */ = {isa = PBXFileReference; lastKnownFileType = file.storyboard; name = Base; path = Base.lproj/Main.storyboard; sourceTree = "<group>"; };
		BDB6FC931F92A15B00A15655 /* Info.plist */ = {isa = PBXFileReference; lastKnownFileType = text.plist.xml; path = Info.plist; sourceTree = "<group>"; };
		BDB6FC941F92A15B00A15655 /* Twohys_Game_Engine.entitlements */ = {isa = PBXFileReference; lastKnownFileType = text.plist.entitlements; path = Twohys_Game_Engine.entitlements; sourceTree = "<group>"; };
		BDB6FC991F92A15B00A15655 /* Twohys Game EngineTests.xctest */ = {isa = PBXFileReference; explicitFileType = wrapper.cfbundle; includeInIndex = 0; path = "Twohys Game EngineTests.xctest"; sourceTree = BUILT_PRODUCTS_DIR; };
		BDB6FC9D1F92A15B00A15655 /* Twohys_Game_EngineTests.swift */ = {isa = PBXFileReference; lastKnownFileType = sourcecode.swift; path = Twohys_Game_EngineTests.swift; sourceTree = "<group>"; };
		BDB6FC9F1F92A15B00A15655 /* Info.plist */ = {isa = PBXFileReference; lastKnownFileType = text.plist.xml; path = Info.plist; sourceTree = "<group>"; };
		BDB6FCA41F92A15B00A15655 /* Twohys Game EngineUITests.xctest */ = {isa = PBXFileReference; explicitFileType = wrapper.cfbundle; includeInIndex = 0; path = "Twohys Game EngineUITests.xctest"; sourceTree = BUILT_PRODUCTS_DIR; };
		BDB6FCA81F92A15B00A15655 /* Twohys_Game_EngineUITests.swift */ = {isa = PBXFileReference; lastKnownFileType = sourcecode.swift; path = Twohys_Game_EngineUITests.swift; sourceTree = "<group>"; };
		BDB6FCAA1F92A15B00A15655 /* Info.plist */ = {isa = PBXFileReference; lastKnownFileType = text.plist.xml; path = Info.plist; sourceTree = "<group>"; };
		BDB6FCB71F92A2CE00A15655 /* MainView.swift */ = {isa = PBXFileReference; lastKnownFileType = sourcecode.swift; path = MainView.swift; sourceTree = "<group>"; };
		BDB6FCBA1F92A36500A15655 /* Renderer.swift */ = {isa = PBXFileReference; lastKnownFileType = sourcecode.swift; path = Renderer.swift; sourceTree = "<group>"; };
		BDB6FCBD1F92A81000A15655 /* BasicShaders.metal */ = {isa = PBXFileReference; lastKnownFileType = sourcecode.metal; path = BasicShaders.metal; sourceTree = "<group>"; };
		BDB6FCC01F92AC9B00A15655 /* Types.swift */ = {isa = PBXFileReference; lastKnownFileType = sourcecode.swift; path = Types.swift; sourceTree = "<group>"; };
		BDB792E41FA79B9900A8367F /* Model.swift */ = {isa = PBXFileReference; lastKnownFileType = sourcecode.swift; path = Model.swift; sourceTree = "<group>"; };
		BDB792E91FA7DB8C00A8367F /* armadillo.obj */ = {isa = PBXFileReference; fileEncoding = 4; lastKnownFileType = text; name = armadillo.obj; path = ../../../../../../Desktop/armadillo.obj; sourceTree = "<group>"; };
		BDB792EC1FA7E1CA00A8367F /* Armadillo.swift */ = {isa = PBXFileReference; lastKnownFileType = sourcecode.swift; path = Armadillo.swift; sourceTree = "<group>"; };
		BDB9BB441F9EAC90009385F8 /* Maths.swift */ = {isa = PBXFileReference; lastKnownFileType = sourcecode.swift; path = Maths.swift; sourceTree = "<group>"; };
		BDCB36371FA1914500716697 /* PlaygroundScene1.swift */ = {isa = PBXFileReference; lastKnownFileType = sourcecode.swift; path = PlaygroundScene1.swift; sourceTree = "<group>"; };
		BDCB36391FA1926F00716697 /* Cube.swift */ = {isa = PBXFileReference; lastKnownFileType = sourcecode.swift; path = Cube.swift; sourceTree = "<group>"; };
		BDCB363F1FA2516200716697 /* Quad.swift */ = {isa = PBXFileReference; lastKnownFileType = sourcecode.swift; path = Quad.swift; sourceTree = "<group>"; };
		BDE3FB451FA6C3BB00BBFF7E /* PerlinGenerator.swift */ = {isa = PBXFileReference; lastKnownFileType = sourcecode.swift; path = PerlinGenerator.swift; sourceTree = "<group>"; };
		BDE460DC1FA02C8D00F126CB /* Camera.swift */ = {isa = PBXFileReference; lastKnownFileType = sourcecode.swift; path = Camera.swift; sourceTree = "<group>"; };
		BDF087BD1F9EDE3400F68ACD /* FlashPipelineStateProvider.swift */ = {isa = PBXFileReference; lastKnownFileType = sourcecode.swift; path = FlashPipelineStateProvider.swift; sourceTree = "<group>"; };
		BDF087BF1F9EDF5D00F68ACD /* FlashPipelineState.swift */ = {isa = PBXFileReference; lastKnownFileType = sourcecode.swift; path = FlashPipelineState.swift; sourceTree = "<group>"; };
		BDF087C11F9EE1FC00F68ACD /* RenderableFlashPipelineState.swift */ = {isa = PBXFileReference; lastKnownFileType = sourcecode.swift; path = RenderableFlashPipelineState.swift; sourceTree = "<group>"; };
		BDF087C41F9EEA4D00F68ACD /* Node.swift */ = {isa = PBXFileReference; lastKnownFileType = sourcecode.swift; path = Node.swift; sourceTree = "<group>"; };
		BDF087C61F9EEAD700F68ACD /* Renderable.swift */ = {isa = PBXFileReference; lastKnownFileType = sourcecode.swift; path = Renderable.swift; sourceTree = "<group>"; };
		BDF087C81F9EEB9300F68ACD /* Primitive.swift */ = {isa = PBXFileReference; lastKnownFileType = sourcecode.swift; path = Primitive.swift; sourceTree = "<group>"; };
		BDF087CA1F9EECAB00F68ACD /* Circle.swift */ = {isa = PBXFileReference; lastKnownFileType = sourcecode.swift; path = Circle.swift; sourceTree = "<group>"; };
		BDF087CC1F9EEDE700F68ACD /* Scene.swift */ = {isa = PBXFileReference; lastKnownFileType = sourcecode.swift; path = Scene.swift; sourceTree = "<group>"; };
		BDFB85661FA035D4004820BC /* InstancesFlashPipelineState.swift */ = {isa = PBXFileReference; lastKnownFileType = sourcecode.swift; path = InstancesFlashPipelineState.swift; sourceTree = "<group>"; };
		BDFB856A1FA16B15004820BC /* CircleScene.swift */ = {isa = PBXFileReference; lastKnownFileType = sourcecode.swift; path = CircleScene.swift; sourceTree = "<group>"; };
/* End PBXFileReference section */

/* Begin PBXFrameworksBuildPhase section */
		BDB6FC811F92A15B00A15655 /* Frameworks */ = {
			isa = PBXFrameworksBuildPhase;
			buildActionMask = 2147483647;
			files = (
			);
			runOnlyForDeploymentPostprocessing = 0;
		};
		BDB6FC961F92A15B00A15655 /* Frameworks */ = {
			isa = PBXFrameworksBuildPhase;
			buildActionMask = 2147483647;
			files = (
			);
			runOnlyForDeploymentPostprocessing = 0;
		};
		BDB6FCA11F92A15B00A15655 /* Frameworks */ = {
			isa = PBXFrameworksBuildPhase;
			buildActionMask = 2147483647;
			files = (
			);
			runOnlyForDeploymentPostprocessing = 0;
		};
/* End PBXFrameworksBuildPhase section */

/* Begin PBXGroup section */
		BD12E1231FA2CB4D00EC67C6 /* Assets */ = {
			isa = PBXGroup;
			children = (
				BDB792E61FA79FE200A8367F /* Models */,
				BD12E1241FA2CB5400EC67C6 /* Images */,
			);
			path = Assets;
			sourceTree = "<group>";
		};
		BD12E1241FA2CB5400EC67C6 /* Images */ = {
			isa = PBXGroup;
			children = (
				BD041C081FAAB1920045CD1B /* grass.png */,
				BD5D346A1FA7EF3A00F5CC24 /* F16s.bmp */,
				BD12E1251FA2CBC500EC67C6 /* bright.png */,
			);
			path = Images;
			sourceTree = "<group>";
		};
		BD8B92E01F9FA33D00F925E0 /* Node Files */ = {
			isa = PBXGroup;
			children = (
				BDF087C41F9EEA4D00F68ACD /* Node.swift */,
				BDE460DC1FA02C8D00F126CB /* Camera.swift */,
				BD8B92E21F9FA37C00F925E0 /* Scene Files */,
				BD8B92E31F9FA39800F925E0 /* Primitives */,
				BDB792EB1FA7E1B100A8367F /* Objects */,
			);
			path = "Node Files";
			sourceTree = "<group>";
		};
		BD8B92E11F9FA36500F925E0 /* Protocols */ = {
			isa = PBXGroup;
			children = (
				BDF087C61F9EEAD700F68ACD /* Renderable.swift */,
				BD12E1211FA255AB00EC67C6 /* Texturable.swift */,
			);
			path = Protocols;
			sourceTree = "<group>";
		};
		BD8B92E21F9FA37C00F925E0 /* Scene Files */ = {
			isa = PBXGroup;
			children = (
				BDF087CC1F9EEDE700F68ACD /* Scene.swift */,
				BDFB856A1FA16B15004820BC /* CircleScene.swift */,
				BD041C021FAA3B080045CD1B /* GameScene.swift */,
				BDCB36371FA1914500716697 /* PlaygroundScene1.swift */,
			);
			path = "Scene Files";
			sourceTree = "<group>";
		};
		BD8B92E31F9FA39800F925E0 /* Primitives */ = {
			isa = PBXGroup;
			children = (
				BDF087C81F9EEB9300F68ACD /* Primitive.swift */,
				BDB792E41FA79B9900A8367F /* Model.swift */,
				BD5D34701FA8E13000F5CC24 /* ModelInstances.swift */,
				BD5D34721FA8E13C00F5CC24 /* PrimitiveInstances.swift */,
			);
			path = Primitives;
			sourceTree = "<group>";
		};
		BDB6FC7B1F92A15B00A15655 = {
			isa = PBXGroup;
			children = (
				BDB6FC861F92A15B00A15655 /* Twohys Game Engine */,
				BDB6FC9C1F92A15B00A15655 /* Twohys Game EngineTests */,
				BDB6FCA71F92A15B00A15655 /* Twohys Game EngineUITests */,
				BDB6FC851F92A15B00A15655 /* Products */,
			);
			sourceTree = "<group>";
		};
		BDB6FC851F92A15B00A15655 /* Products */ = {
			isa = PBXGroup;
			children = (
				BDB6FC841F92A15B00A15655 /* Twohys Game Engine.app */,
				BDB6FC991F92A15B00A15655 /* Twohys Game EngineTests.xctest */,
				BDB6FCA41F92A15B00A15655 /* Twohys Game EngineUITests.xctest */,
			);
			name = Products;
			sourceTree = "<group>";
		};
		BDB6FC861F92A15B00A15655 /* Twohys Game Engine */ = {
			isa = PBXGroup;
			children = (
				BD12E1231FA2CB4D00EC67C6 /* Assets */,
				BD8B92E11F9FA36500F925E0 /* Protocols */,
				BD8B92E01F9FA33D00F925E0 /* Node Files */,
				BDF087C31F9EE9CF00F68ACD /* FlashPipelineStates */,
				BDF087BC1F9EDD4A00F68ACD /* Maths */,
				BDB6FCBF1F92AC8400A15655 /* Types */,
				BDB6FCBC1F92A73E00A15655 /* Metal Shaders */,
				BDB6FCB91F92A30D00A15655 /* Window */,
				BDB6FCB61F92A19200A15655 /* Other FIles */,
			);
			path = "Twohys Game Engine";
			sourceTree = "<group>";
		};
		BDB6FC9C1F92A15B00A15655 /* Twohys Game EngineTests */ = {
			isa = PBXGroup;
			children = (
				BDB6FC9D1F92A15B00A15655 /* Twohys_Game_EngineTests.swift */,
				BDB6FC9F1F92A15B00A15655 /* Info.plist */,
			);
			path = "Twohys Game EngineTests";
			sourceTree = "<group>";
		};
		BDB6FCA71F92A15B00A15655 /* Twohys Game EngineUITests */ = {
			isa = PBXGroup;
			children = (
				BDB6FCA81F92A15B00A15655 /* Twohys_Game_EngineUITests.swift */,
				BDB6FCAA1F92A15B00A15655 /* Info.plist */,
			);
			path = "Twohys Game EngineUITests";
			sourceTree = "<group>";
		};
		BDB6FCB61F92A19200A15655 /* Other FIles */ = {
			isa = PBXGroup;
			children = (
				BDB6FC931F92A15B00A15655 /* Info.plist */,
				BDB6FC8B1F92A15B00A15655 /* Twohys_Game_Engine.xcdatamodeld */,
				BDB6FC941F92A15B00A15655 /* Twohys_Game_Engine.entitlements */,
				BDB6FC8E1F92A15B00A15655 /* Assets.xcassets */,
				BDB6FC871F92A15B00A15655 /* AppDelegate.swift */,
			);
			path = "Other FIles";
			sourceTree = "<group>";
		};
		BDB6FCB91F92A30D00A15655 /* Window */ = {
			isa = PBXGroup;
			children = (
				BDB6FC901F92A15B00A15655 /* Main.storyboard */,
				BDB6FCB71F92A2CE00A15655 /* MainView.swift */,
				BDB6FCBA1F92A36500A15655 /* Renderer.swift */,
				BDB0276A1FA550F70064A544 /* InputHandler.swift */,
			);
			name = Window;
			path = Views;
			sourceTree = "<group>";
		};
		BDB6FCBC1F92A73E00A15655 /* Metal Shaders */ = {
			isa = PBXGroup;
			children = (
				BDB6FCBD1F92A81000A15655 /* BasicShaders.metal */,
			);
			path = "Metal Shaders";
			sourceTree = "<group>";
		};
		BDB6FCBF1F92AC8400A15655 /* Types */ = {
			isa = PBXGroup;
			children = (
				BDB6FCC01F92AC9B00A15655 /* Types.swift */,
			);
			path = Types;
			sourceTree = "<group>";
		};
		BDB792E61FA79FE200A8367F /* Models */ = {
			isa = PBXGroup;
			children = (
				BD5D34681FA7EF0100F5CC24 /* f16.obj */,
				BDB792E91FA7DB8C00A8367F /* armadillo.obj */,
			);
			path = Models;
			sourceTree = "<group>";
		};
		BDB792EB1FA7E1B100A8367F /* Objects */ = {
			isa = PBXGroup;
			children = (
				BDB792EE1FA7E3C200A8367F /* File Models */,
				BDB792EF1FA7E3D400A8367F /* Custom Models */,
			);
			path = Objects;
			sourceTree = "<group>";
		};
		BDB792EE1FA7E3C200A8367F /* File Models */ = {
			isa = PBXGroup;
			children = (
				BDB792EC1FA7E1CA00A8367F /* Armadillo.swift */,
			);
			path = "File Models";
			sourceTree = "<group>";
		};
		BDB792EF1FA7E3D400A8367F /* Custom Models */ = {
			isa = PBXGroup;
			children = (
				BDB027681FA54F6D0064A544 /* Terrain.swift */,
				BDF087CA1F9EECAB00F68ACD /* Circle.swift */,
				BDCB363F1FA2516200716697 /* Quad.swift */,
				BDCB36391FA1926F00716697 /* Cube.swift */,
			);
			path = "Custom Models";
			sourceTree = "<group>";
		};
		BDF087BC1F9EDD4A00F68ACD /* Maths */ = {
			isa = PBXGroup;
			children = (
				BDB9BB441F9EAC90009385F8 /* Maths.swift */,
				BDE3FB451FA6C3BB00BBFF7E /* PerlinGenerator.swift */,
			);
			name = Maths;
			path = "New Group";
			sourceTree = "<group>";
		};
		BDF087C31F9EE9CF00F68ACD /* FlashPipelineStates */ = {
			isa = PBXGroup;
			children = (
				BDF087BD1F9EDE3400F68ACD /* FlashPipelineStateProvider.swift */,
				BDF087BF1F9EDF5D00F68ACD /* FlashPipelineState.swift */,
				BDF087C11F9EE1FC00F68ACD /* RenderableFlashPipelineState.swift */,
				BDFB85661FA035D4004820BC /* InstancesFlashPipelineState.swift */,
				BD12E1271FA2CC6F00EC67C6 /* TexturableFlashPipelineState.swift */,
			);
			path = FlashPipelineStates;
			sourceTree = "<group>";
		};
/* End PBXGroup section */

/* Begin PBXNativeTarget section */
		BDB6FC831F92A15B00A15655 /* Twohys Game Engine */ = {
			isa = PBXNativeTarget;
			buildConfigurationList = BDB6FCAD1F92A15B00A15655 /* Build configuration list for PBXNativeTarget "Twohys Game Engine" */;
			buildPhases = (
				BDB6FC801F92A15B00A15655 /* Sources */,
				BDB6FC811F92A15B00A15655 /* Frameworks */,
				BDB6FC821F92A15B00A15655 /* Resources */,
			);
			buildRules = (
			);
			dependencies = (
			);
			name = "Twohys Game Engine";
			productName = "Twohys Game Engine";
			productReference = BDB6FC841F92A15B00A15655 /* Twohys Game Engine.app */;
			productType = "com.apple.product-type.application";
		};
		BDB6FC981F92A15B00A15655 /* Twohys Game EngineTests */ = {
			isa = PBXNativeTarget;
			buildConfigurationList = BDB6FCB01F92A15B00A15655 /* Build configuration list for PBXNativeTarget "Twohys Game EngineTests" */;
			buildPhases = (
				BDB6FC951F92A15B00A15655 /* Sources */,
				BDB6FC961F92A15B00A15655 /* Frameworks */,
				BDB6FC971F92A15B00A15655 /* Resources */,
			);
			buildRules = (
			);
			dependencies = (
				BDB6FC9B1F92A15B00A15655 /* PBXTargetDependency */,
			);
			name = "Twohys Game EngineTests";
			productName = "Twohys Game EngineTests";
			productReference = BDB6FC991F92A15B00A15655 /* Twohys Game EngineTests.xctest */;
			productType = "com.apple.product-type.bundle.unit-test";
		};
		BDB6FCA31F92A15B00A15655 /* Twohys Game EngineUITests */ = {
			isa = PBXNativeTarget;
			buildConfigurationList = BDB6FCB31F92A15B00A15655 /* Build configuration list for PBXNativeTarget "Twohys Game EngineUITests" */;
			buildPhases = (
				BDB6FCA01F92A15B00A15655 /* Sources */,
				BDB6FCA11F92A15B00A15655 /* Frameworks */,
				BDB6FCA21F92A15B00A15655 /* Resources */,
			);
			buildRules = (
			);
			dependencies = (
				BDB6FCA61F92A15B00A15655 /* PBXTargetDependency */,
			);
			name = "Twohys Game EngineUITests";
			productName = "Twohys Game EngineUITests";
			productReference = BDB6FCA41F92A15B00A15655 /* Twohys Game EngineUITests.xctest */;
			productType = "com.apple.product-type.bundle.ui-testing";
		};
/* End PBXNativeTarget section */

/* Begin PBXProject section */
		BDB6FC7C1F92A15B00A15655 /* Project object */ = {
			isa = PBXProject;
			attributes = {
				LastSwiftUpdateCheck = 0900;
				LastUpgradeCheck = 0900;
				ORGANIZATIONNAME = "Rick Twohy";
				TargetAttributes = {
					BDB6FC831F92A15B00A15655 = {
						CreatedOnToolsVersion = 9.0;
						ProvisioningStyle = Automatic;
					};
					BDB6FC981F92A15B00A15655 = {
						CreatedOnToolsVersion = 9.0;
						ProvisioningStyle = Automatic;
						TestTargetID = BDB6FC831F92A15B00A15655;
					};
					BDB6FCA31F92A15B00A15655 = {
						CreatedOnToolsVersion = 9.0;
						ProvisioningStyle = Automatic;
						TestTargetID = BDB6FC831F92A15B00A15655;
					};
				};
			};
			buildConfigurationList = BDB6FC7F1F92A15B00A15655 /* Build configuration list for PBXProject "Twohys Game Engine" */;
			compatibilityVersion = "Xcode 8.0";
			developmentRegion = en;
			hasScannedForEncodings = 0;
			knownRegions = (
				en,
				Base,
			);
			mainGroup = BDB6FC7B1F92A15B00A15655;
			productRefGroup = BDB6FC851F92A15B00A15655 /* Products */;
			projectDirPath = "";
			projectRoot = "";
			targets = (
				BDB6FC831F92A15B00A15655 /* Twohys Game Engine */,
				BDB6FC981F92A15B00A15655 /* Twohys Game EngineTests */,
				BDB6FCA31F92A15B00A15655 /* Twohys Game EngineUITests */,
			);
		};
/* End PBXProject section */

/* Begin PBXResourcesBuildPhase section */
		BDB6FC821F92A15B00A15655 /* Resources */ = {
			isa = PBXResourcesBuildPhase;
			buildActionMask = 2147483647;
			files = (
				BD041C091FAAB1920045CD1B /* grass.png in Resources */,
				BD5D346B1FA7EF3A00F5CC24 /* F16s.bmp in Resources */,
				BDB6FC8F1F92A15B00A15655 /* Assets.xcassets in Resources */,
				BDB6FC921F92A15B00A15655 /* Main.storyboard in Resources */,
				BD5D34691FA7EF0100F5CC24 /* f16.obj in Resources */,
				BDB792EA1FA7DB8C00A8367F /* armadillo.obj in Resources */,
				BD12E1261FA2CBC500EC67C6 /* bright.png in Resources */,
			);
			runOnlyForDeploymentPostprocessing = 0;
		};
		BDB6FC971F92A15B00A15655 /* Resources */ = {
			isa = PBXResourcesBuildPhase;
			buildActionMask = 2147483647;
			files = (
			);
			runOnlyForDeploymentPostprocessing = 0;
		};
		BDB6FCA21F92A15B00A15655 /* Resources */ = {
			isa = PBXResourcesBuildPhase;
			buildActionMask = 2147483647;
			files = (
			);
			runOnlyForDeploymentPostprocessing = 0;
		};
/* End PBXResourcesBuildPhase section */

/* Begin PBXSourcesBuildPhase section */
		BDB6FC801F92A15B00A15655 /* Sources */ = {
			isa = PBXSourcesBuildPhase;
			buildActionMask = 2147483647;
			files = (
				BDE460DD1FA02C8D00F126CB /* Camera.swift in Sources */,
				BDF087C01F9EDF5D00F68ACD /* FlashPipelineState.swift in Sources */,
				BDB792ED1FA7E1CA00A8367F /* Armadillo.swift in Sources */,
				BDCB36401FA2516200716697 /* Quad.swift in Sources */,
				BDB6FCBE1F92A81000A15655 /* BasicShaders.metal in Sources */,
				BDF087CD1F9EEDE700F68ACD /* Scene.swift in Sources */,
				BDFB856B1FA16B15004820BC /* CircleScene.swift in Sources */,
				BDCB363A1FA1926F00716697 /* Cube.swift in Sources */,
				BDB792E51FA79B9900A8367F /* Model.swift in Sources */,
				BDF087C21F9EE1FC00F68ACD /* RenderableFlashPipelineState.swift in Sources */,
				BDF087C71F9EEAD700F68ACD /* Renderable.swift in Sources */,
				BDE3FB461FA6C3BB00BBFF7E /* PerlinGenerator.swift in Sources */,
				BDF087C51F9EEA4D00F68ACD /* Node.swift in Sources */,
				BD5D34711FA8E13000F5CC24 /* ModelInstances.swift in Sources */,
				BD5D34731FA8E13C00F5CC24 /* PrimitiveInstances.swift in Sources */,
				BD12E1281FA2CC6F00EC67C6 /* TexturableFlashPipelineState.swift in Sources */,
				BDFB85671FA035D4004820BC /* InstancesFlashPipelineState.swift in Sources */,
				BDCB36381FA1914500716697 /* PlaygroundScene1.swift in Sources */,
				BDB6FCBB1F92A36500A15655 /* Renderer.swift in Sources */,
				BDB6FC881F92A15B00A15655 /* AppDelegate.swift in Sources */,
				BDF087CB1F9EECAB00F68ACD /* Circle.swift in Sources */,
				BDB9BB451F9EAC90009385F8 /* Maths.swift in Sources */,
				BD041C031FAA3B080045CD1B /* GameScene.swift in Sources */,
				BDB6FCC11F92AC9B00A15655 /* Types.swift in Sources */,
				BDF087C91F9EEB9300F68ACD /* Primitive.swift in Sources */,
				BD12E1221FA255AB00EC67C6 /* Texturable.swift in Sources */,
				BDB6FCB81F92A2CE00A15655 /* MainView.swift in Sources */,
				BDB027691FA54F6D0064A544 /* Terrain.swift in Sources */,
				BDB6FC8D1F92A15B00A15655 /* Twohys_Game_Engine.xcdatamodeld in Sources */,
				BDF087BE1F9EDE3400F68ACD /* FlashPipelineStateProvider.swift in Sources */,
				BDB0276B1FA550F70064A544 /* InputHandler.swift in Sources */,
			);
			runOnlyForDeploymentPostprocessing = 0;
		};
		BDB6FC951F92A15B00A15655 /* Sources */ = {
			isa = PBXSourcesBuildPhase;
			buildActionMask = 2147483647;
			files = (
				BDB6FC9E1F92A15B00A15655 /* Twohys_Game_EngineTests.swift in Sources */,
			);
			runOnlyForDeploymentPostprocessing = 0;
		};
		BDB6FCA01F92A15B00A15655 /* Sources */ = {
			isa = PBXSourcesBuildPhase;
			buildActionMask = 2147483647;
			files = (
				BDB6FCA91F92A15B00A15655 /* Twohys_Game_EngineUITests.swift in Sources */,
			);
			runOnlyForDeploymentPostprocessing = 0;
		};
/* End PBXSourcesBuildPhase section */

/* Begin PBXTargetDependency section */
		BDB6FC9B1F92A15B00A15655 /* PBXTargetDependency */ = {
			isa = PBXTargetDependency;
			target = BDB6FC831F92A15B00A15655 /* Twohys Game Engine */;
			targetProxy = BDB6FC9A1F92A15B00A15655 /* PBXContainerItemProxy */;
		};
		BDB6FCA61F92A15B00A15655 /* PBXTargetDependency */ = {
			isa = PBXTargetDependency;
			target = BDB6FC831F92A15B00A15655 /* Twohys Game Engine */;
			targetProxy = BDB6FCA51F92A15B00A15655 /* PBXContainerItemProxy */;
		};
/* End PBXTargetDependency section */

/* Begin PBXVariantGroup section */
		BDB6FC901F92A15B00A15655 /* Main.storyboard */ = {
			isa = PBXVariantGroup;
			children = (
				BDB6FC911F92A15B00A15655 /* Base */,
			);
			name = Main.storyboard;
			sourceTree = "<group>";
		};
/* End PBXVariantGroup section */

/* Begin XCBuildConfiguration section */
		BDB6FCAB1F92A15B00A15655 /* Debug */ = {
			isa = XCBuildConfiguration;
			buildSettings = {
				ALWAYS_SEARCH_USER_PATHS = NO;
				CLANG_ANALYZER_NONNULL = YES;
				CLANG_ANALYZER_NUMBER_OBJECT_CONVERSION = YES_AGGRESSIVE;
				CLANG_CXX_LANGUAGE_STANDARD = "gnu++14";
				CLANG_CXX_LIBRARY = "libc++";
				CLANG_ENABLE_MODULES = YES;
				CLANG_ENABLE_OBJC_ARC = YES;
				CLANG_WARN_BLOCK_CAPTURE_AUTORELEASING = YES;
				CLANG_WARN_BOOL_CONVERSION = YES;
				CLANG_WARN_COMMA = YES;
				CLANG_WARN_CONSTANT_CONVERSION = YES;
				CLANG_WARN_DIRECT_OBJC_ISA_USAGE = YES_ERROR;
				CLANG_WARN_DOCUMENTATION_COMMENTS = YES;
				CLANG_WARN_EMPTY_BODY = YES;
				CLANG_WARN_ENUM_CONVERSION = YES;
				CLANG_WARN_INFINITE_RECURSION = YES;
				CLANG_WARN_INT_CONVERSION = YES;
				CLANG_WARN_NON_LITERAL_NULL_CONVERSION = YES;
				CLANG_WARN_OBJC_LITERAL_CONVERSION = YES;
				CLANG_WARN_OBJC_ROOT_CLASS = YES_ERROR;
				CLANG_WARN_RANGE_LOOP_ANALYSIS = YES;
				CLANG_WARN_STRICT_PROTOTYPES = YES;
				CLANG_WARN_SUSPICIOUS_MOVE = YES;
				CLANG_WARN_UNGUARDED_AVAILABILITY = YES_AGGRESSIVE;
				CLANG_WARN_UNREACHABLE_CODE = YES;
				CLANG_WARN__DUPLICATE_METHOD_MATCH = YES;
				CODE_SIGN_IDENTITY = "Mac Developer";
				COPY_PHASE_STRIP = NO;
				DEBUG_INFORMATION_FORMAT = dwarf;
				ENABLE_STRICT_OBJC_MSGSEND = YES;
				ENABLE_TESTABILITY = YES;
				GCC_C_LANGUAGE_STANDARD = gnu11;
				GCC_DYNAMIC_NO_PIC = NO;
				GCC_NO_COMMON_BLOCKS = YES;
				GCC_OPTIMIZATION_LEVEL = 0;
				GCC_PREPROCESSOR_DEFINITIONS = (
					"DEBUG=1",
					"$(inherited)",
				);
				GCC_WARN_64_TO_32_BIT_CONVERSION = YES;
				GCC_WARN_ABOUT_RETURN_TYPE = YES_ERROR;
				GCC_WARN_UNDECLARED_SELECTOR = YES;
				GCC_WARN_UNINITIALIZED_AUTOS = YES_AGGRESSIVE;
				GCC_WARN_UNUSED_FUNCTION = YES;
				GCC_WARN_UNUSED_VARIABLE = YES;
				MACOSX_DEPLOYMENT_TARGET = 10.12;
				MTL_ENABLE_DEBUG_INFO = YES;
				ONLY_ACTIVE_ARCH = YES;
				SDKROOT = macosx;
				SWIFT_ACTIVE_COMPILATION_CONDITIONS = DEBUG;
				SWIFT_OPTIMIZATION_LEVEL = "-Onone";
			};
			name = Debug;
		};
		BDB6FCAC1F92A15B00A15655 /* Release */ = {
			isa = XCBuildConfiguration;
			buildSettings = {
				ALWAYS_SEARCH_USER_PATHS = NO;
				CLANG_ANALYZER_NONNULL = YES;
				CLANG_ANALYZER_NUMBER_OBJECT_CONVERSION = YES_AGGRESSIVE;
				CLANG_CXX_LANGUAGE_STANDARD = "gnu++14";
				CLANG_CXX_LIBRARY = "libc++";
				CLANG_ENABLE_MODULES = YES;
				CLANG_ENABLE_OBJC_ARC = YES;
				CLANG_WARN_BLOCK_CAPTURE_AUTORELEASING = YES;
				CLANG_WARN_BOOL_CONVERSION = YES;
				CLANG_WARN_COMMA = YES;
				CLANG_WARN_CONSTANT_CONVERSION = YES;
				CLANG_WARN_DIRECT_OBJC_ISA_USAGE = YES_ERROR;
				CLANG_WARN_DOCUMENTATION_COMMENTS = YES;
				CLANG_WARN_EMPTY_BODY = YES;
				CLANG_WARN_ENUM_CONVERSION = YES;
				CLANG_WARN_INFINITE_RECURSION = YES;
				CLANG_WARN_INT_CONVERSION = YES;
				CLANG_WARN_NON_LITERAL_NULL_CONVERSION = YES;
				CLANG_WARN_OBJC_LITERAL_CONVERSION = YES;
				CLANG_WARN_OBJC_ROOT_CLASS = YES_ERROR;
				CLANG_WARN_RANGE_LOOP_ANALYSIS = YES;
				CLANG_WARN_STRICT_PROTOTYPES = YES;
				CLANG_WARN_SUSPICIOUS_MOVE = YES;
				CLANG_WARN_UNGUARDED_AVAILABILITY = YES_AGGRESSIVE;
				CLANG_WARN_UNREACHABLE_CODE = YES;
				CLANG_WARN__DUPLICATE_METHOD_MATCH = YES;
				CODE_SIGN_IDENTITY = "Mac Developer";
				COPY_PHASE_STRIP = NO;
				DEBUG_INFORMATION_FORMAT = "dwarf-with-dsym";
				ENABLE_NS_ASSERTIONS = NO;
				ENABLE_STRICT_OBJC_MSGSEND = YES;
				GCC_C_LANGUAGE_STANDARD = gnu11;
				GCC_NO_COMMON_BLOCKS = YES;
				GCC_WARN_64_TO_32_BIT_CONVERSION = YES;
				GCC_WARN_ABOUT_RETURN_TYPE = YES_ERROR;
				GCC_WARN_UNDECLARED_SELECTOR = YES;
				GCC_WARN_UNINITIALIZED_AUTOS = YES_AGGRESSIVE;
				GCC_WARN_UNUSED_FUNCTION = YES;
				GCC_WARN_UNUSED_VARIABLE = YES;
				MACOSX_DEPLOYMENT_TARGET = 10.12;
				MTL_ENABLE_DEBUG_INFO = NO;
				SDKROOT = macosx;
				SWIFT_OPTIMIZATION_LEVEL = "-Owholemodule";
			};
			name = Release;
		};
		BDB6FCAE1F92A15B00A15655 /* Debug */ = {
			isa = XCBuildConfiguration;
			buildSettings = {
				ASSETCATALOG_COMPILER_APPICON_NAME = AppIcon;
				CODE_SIGN_ENTITLEMENTS = "Twohys Game Engine/Other Files/Twohys_Game_Engine.entitlements";
				CODE_SIGN_STYLE = Automatic;
				COMBINE_HIDPI_IMAGES = YES;
				DEVELOPMENT_TEAM = 9QQ2JZFGTQ;
				INFOPLIST_FILE = "Twohys Game Engine/Other Files/Info.plist";
				LD_RUNPATH_SEARCH_PATHS = "$(inherited) @executable_path/../Frameworks";
				PRODUCT_BUNDLE_IDENTIFIER = "flophouseattrocities.Twohys-Game-Engine";
				PRODUCT_NAME = "$(TARGET_NAME)";
				SWIFT_VERSION = 4.0;
			};
			name = Debug;
		};
		BDB6FCAF1F92A15B00A15655 /* Release */ = {
			isa = XCBuildConfiguration;
			buildSettings = {
				ASSETCATALOG_COMPILER_APPICON_NAME = AppIcon;
				CODE_SIGN_ENTITLEMENTS = "Twohys Game Engine/Other Files/Twohys_Game_Engine.entitlements";
				CODE_SIGN_STYLE = Automatic;
				COMBINE_HIDPI_IMAGES = YES;
				DEVELOPMENT_TEAM = 9QQ2JZFGTQ;
				INFOPLIST_FILE = "Twohys Game Engine/Other Files/Info.plist";
				LD_RUNPATH_SEARCH_PATHS = "$(inherited) @executable_path/../Frameworks";
				PRODUCT_BUNDLE_IDENTIFIER = "flophouseattrocities.Twohys-Game-Engine";
				PRODUCT_NAME = "$(TARGET_NAME)";
				SWIFT_VERSION = 4.0;
			};
			name = Release;
		};
		BDB6FCB11F92A15B00A15655 /* Debug */ = {
			isa = XCBuildConfiguration;
			buildSettings = {
				ALWAYS_EMBED_SWIFT_STANDARD_LIBRARIES = YES;
				BUNDLE_LOADER = "$(TEST_HOST)";
				CODE_SIGN_STYLE = Automatic;
				COMBINE_HIDPI_IMAGES = YES;
				DEVELOPMENT_TEAM = 9QQ2JZFGTQ;
				INFOPLIST_FILE = "Twohys Game EngineTests/Info.plist";
				LD_RUNPATH_SEARCH_PATHS = "$(inherited) @executable_path/../Frameworks @loader_path/../Frameworks";
				PRODUCT_BUNDLE_IDENTIFIER = "flophouseattrocities.Twohys-Game-EngineTests";
				PRODUCT_NAME = "$(TARGET_NAME)";
				SWIFT_VERSION = 4.0;
				TEST_HOST = "$(BUILT_PRODUCTS_DIR)/Twohys Game Engine.app/Contents/MacOS/Twohys Game Engine";
			};
			name = Debug;
		};
		BDB6FCB21F92A15B00A15655 /* Release */ = {
			isa = XCBuildConfiguration;
			buildSettings = {
				ALWAYS_EMBED_SWIFT_STANDARD_LIBRARIES = YES;
				BUNDLE_LOADER = "$(TEST_HOST)";
				CODE_SIGN_STYLE = Automatic;
				COMBINE_HIDPI_IMAGES = YES;
				DEVELOPMENT_TEAM = 9QQ2JZFGTQ;
				INFOPLIST_FILE = "Twohys Game EngineTests/Info.plist";
				LD_RUNPATH_SEARCH_PATHS = "$(inherited) @executable_path/../Frameworks @loader_path/../Frameworks";
				PRODUCT_BUNDLE_IDENTIFIER = "flophouseattrocities.Twohys-Game-EngineTests";
				PRODUCT_NAME = "$(TARGET_NAME)";
				SWIFT_VERSION = 4.0;
				TEST_HOST = "$(BUILT_PRODUCTS_DIR)/Twohys Game Engine.app/Contents/MacOS/Twohys Game Engine";
			};
			name = Release;
		};
		BDB6FCB41F92A15B00A15655 /* Debug */ = {
			isa = XCBuildConfiguration;
			buildSettings = {
				ALWAYS_EMBED_SWIFT_STANDARD_LIBRARIES = YES;
				CODE_SIGN_STYLE = Automatic;
				COMBINE_HIDPI_IMAGES = YES;
				DEVELOPMENT_TEAM = 9QQ2JZFGTQ;
				INFOPLIST_FILE = "Twohys Game EngineUITests/Info.plist";
				LD_RUNPATH_SEARCH_PATHS = "$(inherited) @executable_path/../Frameworks @loader_path/../Frameworks";
				PRODUCT_BUNDLE_IDENTIFIER = "flophouseattrocities.Twohys-Game-EngineUITests";
				PRODUCT_NAME = "$(TARGET_NAME)";
				SWIFT_VERSION = 4.0;
				TEST_TARGET_NAME = "Twohys Game Engine";
			};
			name = Debug;
		};
		BDB6FCB51F92A15B00A15655 /* Release */ = {
			isa = XCBuildConfiguration;
			buildSettings = {
				ALWAYS_EMBED_SWIFT_STANDARD_LIBRARIES = YES;
				CODE_SIGN_STYLE = Automatic;
				COMBINE_HIDPI_IMAGES = YES;
				DEVELOPMENT_TEAM = 9QQ2JZFGTQ;
				INFOPLIST_FILE = "Twohys Game EngineUITests/Info.plist";
				LD_RUNPATH_SEARCH_PATHS = "$(inherited) @executable_path/../Frameworks @loader_path/../Frameworks";
				PRODUCT_BUNDLE_IDENTIFIER = "flophouseattrocities.Twohys-Game-EngineUITests";
				PRODUCT_NAME = "$(TARGET_NAME)";
				SWIFT_VERSION = 4.0;
				TEST_TARGET_NAME = "Twohys Game Engine";
			};
			name = Release;
		};
/* End XCBuildConfiguration section */

/* Begin XCConfigurationList section */
		BDB6FC7F1F92A15B00A15655 /* Build configuration list for PBXProject "Twohys Game Engine" */ = {
			isa = XCConfigurationList;
			buildConfigurations = (
				BDB6FCAB1F92A15B00A15655 /* Debug */,
				BDB6FCAC1F92A15B00A15655 /* Release */,
			);
			defaultConfigurationIsVisible = 0;
			defaultConfigurationName = Release;
		};
		BDB6FCAD1F92A15B00A15655 /* Build configuration list for PBXNativeTarget "Twohys Game Engine" */ = {
			isa = XCConfigurationList;
			buildConfigurations = (
				BDB6FCAE1F92A15B00A15655 /* Debug */,
				BDB6FCAF1F92A15B00A15655 /* Release */,
			);
			defaultConfigurationIsVisible = 0;
			defaultConfigurationName = Release;
		};
		BDB6FCB01F92A15B00A15655 /* Build configuration list for PBXNativeTarget "Twohys Game EngineTests" */ = {
			isa = XCConfigurationList;
			buildConfigurations = (
				BDB6FCB11F92A15B00A15655 /* Debug */,
				BDB6FCB21F92A15B00A15655 /* Release */,
			);
			defaultConfigurationIsVisible = 0;
			defaultConfigurationName = Release;
		};
		BDB6FCB31F92A15B00A15655 /* Build configuration list for PBXNativeTarget "Twohys Game EngineUITests" */ = {
			isa = XCConfigurationList;
			buildConfigurations = (
				BDB6FCB41F92A15B00A15655 /* Debug */,
				BDB6FCB51F92A15B00A15655 /* Release */,
			);
			defaultConfigurationIsVisible = 0;
			defaultConfigurationName = Release;
		};
/* End XCConfigurationList section */

/* Begin XCVersionGroup section */
		BDB6FC8B1F92A15B00A15655 /* Twohys_Game_Engine.xcdatamodeld */ = {
			isa = XCVersionGroup;
			children = (
				BDB6FC8C1F92A15B00A15655 /* Twohys_Game_Engine.xcdatamodel */,
			);
			currentVersion = BDB6FC8C1F92A15B00A15655 /* Twohys_Game_Engine.xcdatamodel */;
			path = Twohys_Game_Engine.xcdatamodeld;
			sourceTree = "<group>";
			versionGroupType = wrapper.xcdatamodel;
		};
/* End XCVersionGroup section */
	};
	rootObject = BDB6FC7C1F92A15B00A15655 /* Project object */;
}
